
Microsoft Visual Studio Solution File, Format Version 12.00
# Visual Studio Version 16
VisualStudioVersion = 16.0.30615.102
MinimumVisualStudioVersion = 10.0.40219.1
Project("{8BC9CEB8-8B4A-11D0-8D11-00A0C91BC942}") = "MultiProcessImGui", "MultiProcessImGui\MultiProcessImGui.vcxproj", "{8A794EFC-9CDB-4ABE-8720-1C5531349498}"
EndProject
Global
	GlobalSection(SolutionConfigurationPlatforms) = preSolution
		Debug|x64 = Debug|x64
		Release|x64 = Release|x64
	EndGlobalSection
	GlobalSection(ProjectConfigurationPlatforms) = postSolution
		{8A794EFC-9CDB-4ABE-8720-1C5531349498}.Debug|x64.ActiveCfg = Debug|x64
		{8A794EFC-9CDB-4ABE-8720-1C5531349498}.Debug|x64.Build.0 = Debug|x64
		{8A794EFC-9CDB-4ABE-8720-1C5531349498}.Release|x64.ActiveCfg = Release|x64
		{8A794EFC-9CDB-4ABE-8720-1C5531349498}.Release|x64.Build.0 = Release|x64
	EndGlobalSection
	GlobalSection(SolutionProperties) = preSolution
		HideSolutionNode = FALSE
	EndGlobalSection
	GlobalSection(ExtensibilityGlobals) = postSolution
		SolutionGuid = {2205DAB9-08C5-45C3-B82A-8DA305A2AD15}
	EndGlobalSection
EndGlobal
